// !$*UTF8*$!
{
	archiveVersion = 1;
	classes = {
	};
	objectVersion = 51;
	objects = {

/* Begin PBXBuildFile section */
		317D7683EE5F02A1CA0F13B7 /* Pods_GotBeerAppTests.framework in Frameworks */ = {isa = PBXBuildFile; fileRef = EF4FDF92CF2901A8EEECD4B6 /* Pods_GotBeerAppTests.framework */; };
		75BFBD2ED651612874813CF1 /* Pods_GotBeerApp.framework in Frameworks */ = {isa = PBXBuildFile; fileRef = CE54D50FAE7A6A2B839B18B4 /* Pods_GotBeerApp.framework */; };
		8146413D30D2227A016349D1 /* Pods_GotBeerAppUITests.framework in Frameworks */ = {isa = PBXBuildFile; fileRef = B35C5BEBB8A9374319FC40B4 /* Pods_GotBeerAppUITests.framework */; };
		EED5A3442301E19A00D736B1 /* AppDelegate.swift in Sources */ = {isa = PBXBuildFile; fileRef = EED5A3432301E19A00D736B1 /* AppDelegate.swift */; };
		EED5A3492301E19A00D736B1 /* Main.storyboard in Resources */ = {isa = PBXBuildFile; fileRef = EED5A3472301E19A00D736B1 /* Main.storyboard */; };
		EED5A34C2301E19A00D736B1 /* GotBeerApp.xcdatamodeld in Sources */ = {isa = PBXBuildFile; fileRef = EED5A34A2301E19A00D736B1 /* GotBeerApp.xcdatamodeld */; };
		EED5A34E2301E19B00D736B1 /* Assets.xcassets in Resources */ = {isa = PBXBuildFile; fileRef = EED5A34D2301E19B00D736B1 /* Assets.xcassets */; };
		EED5A3512301E19B00D736B1 /* LaunchScreen.storyboard in Resources */ = {isa = PBXBuildFile; fileRef = EED5A34F2301E19B00D736B1 /* LaunchScreen.storyboard */; };
		EED5A35C2301E19B00D736B1 /* GotBeerAppUITests.swift in Sources */ = {isa = PBXBuildFile; fileRef = EED5A35B2301E19B00D736B1 /* GotBeerAppUITests.swift */; };
		EED5A3672301E36F00D736B1 /* Beer.swift in Sources */ = {isa = PBXBuildFile; fileRef = EED5A3662301E36F00D736B1 /* Beer.swift */; };
		EED5A36D2301E51100D736B1 /* AsyncImageView.swift in Sources */ = {isa = PBXBuildFile; fileRef = EED5A36C2301E51100D736B1 /* AsyncImageView.swift */; };
		EED5A3702301E58E00D736B1 /* ImageCacheManager.swift in Sources */ = {isa = PBXBuildFile; fileRef = EED5A36F2301E58E00D736B1 /* ImageCacheManager.swift */; };
		EED5A3762301E78000D736B1 /* UIConstants.swift in Sources */ = {isa = PBXBuildFile; fileRef = EED5A3752301E78000D736B1 /* UIConstants.swift */; };
		EED5A3812301FA7300D736B1 /* BeerCollectionViewCell.swift in Sources */ = {isa = PBXBuildFile; fileRef = EED5A37F2301FA7300D736B1 /* BeerCollectionViewCell.swift */; };
		EED5A3852301FAE400D736B1 /* BeersCollectionViewController.swift in Sources */ = {isa = PBXBuildFile; fileRef = EED5A3842301FAE400D736B1 /* BeersCollectionViewController.swift */; };
		EEF6CFA32302660200D0800B /* ApiRouter.swift in Sources */ = {isa = PBXBuildFile; fileRef = EEF6CFA22302660200D0800B /* ApiRouter.swift */; };
		EEF6CFAC2303C3F900D0800B /* ApiConstants.swift in Sources */ = {isa = PBXBuildFile; fileRef = EEF6CFAB2303C3F900D0800B /* ApiConstants.swift */; };
		EEF6CFAE2303C5B400D0800B /* ApiClient.swift in Sources */ = {isa = PBXBuildFile; fileRef = EEF6CFAD2303C5B400D0800B /* ApiClient.swift */; };
		EEF6CFB023043D6400D0800B /* SearchView.swift in Sources */ = {isa = PBXBuildFile; fileRef = EEF6CFAF23043D6400D0800B /* SearchView.swift */; };
		EEF6CFB2230456F000D0800B /* CoreDataManager.swift in Sources */ = {isa = PBXBuildFile; fileRef = EEF6CFB1230456F000D0800B /* CoreDataManager.swift */; };
		EEF6CFB6230460FF00D0800B /* BeerLocalProvider.swift in Sources */ = {isa = PBXBuildFile; fileRef = EEF6CFB5230460FF00D0800B /* BeerLocalProvider.swift */; };
		EEF6CFB82304A12D00D0800B /* BeersListViewModel.swift in Sources */ = {isa = PBXBuildFile; fileRef = EEF6CFB72304A12D00D0800B /* BeersListViewModel.swift */; };
		EEF6CFBA2304BB7500D0800B /* BeerViewModel.swift in Sources */ = {isa = PBXBuildFile; fileRef = EEF6CFB92304BB7500D0800B /* BeerViewModel.swift */; };
		EEF6CFC0230513DC00D0800B /* BeerDetailViewController.swift in Sources */ = {isa = PBXBuildFile; fileRef = EEF6CFBF230513DC00D0800B /* BeerDetailViewController.swift */; };
		EEF6CFC82305B55600D0800B /* GotBeerAppTests.swift in Sources */ = {isa = PBXBuildFile; fileRef = EEF6CFC72305B55600D0800B /* GotBeerAppTests.swift */; };
		EEF6CFD12305BCCB00D0800B /* Provider.swift in Sources */ = {isa = PBXBuildFile; fileRef = EEF6CFD02305BCCB00D0800B /* Provider.swift */; };
		EEF6CFD32305C2AC00D0800B /* BeerRemoteProvider.swift in Sources */ = {isa = PBXBuildFile; fileRef = EEF6CFD22305C2AC00D0800B /* BeerRemoteProvider.swift */; };
		EEF6CFD52305C3A800D0800B /* BeersListViewModelTests.swift in Sources */ = {isa = PBXBuildFile; fileRef = EEF6CFD42305C3A800D0800B /* BeersListViewModelTests.swift */; };
		EEF6CFD72305C70F00D0800B /* FakeData.swift in Sources */ = {isa = PBXBuildFile; fileRef = EEF6CFD62305C70F00D0800B /* FakeData.swift */; };
/* End PBXBuildFile section */

/* Begin PBXContainerItemProxy section */
		EED5A3582301E19B00D736B1 /* PBXContainerItemProxy */ = {
			isa = PBXContainerItemProxy;
			containerPortal = EED5A3382301E19A00D736B1 /* Project object */;
			proxyType = 1;
			remoteGlobalIDString = EED5A33F2301E19A00D736B1;
			remoteInfo = GotBeerApp;
		};
		EEF6CFCA2305B55600D0800B /* PBXContainerItemProxy */ = {
			isa = PBXContainerItemProxy;
			containerPortal = EED5A3382301E19A00D736B1 /* Project object */;
			proxyType = 1;
			remoteGlobalIDString = EED5A33F2301E19A00D736B1;
			remoteInfo = GotBeerApp;
		};
/* End PBXContainerItemProxy section */

/* Begin PBXFileReference section */
		1B51C52E950998A72FEC7F89 /* Pods-GotBeerApp.release.xcconfig */ = {isa = PBXFileReference; includeInIndex = 1; lastKnownFileType = text.xcconfig; name = "Pods-GotBeerApp.release.xcconfig"; path = "Target Support Files/Pods-GotBeerApp/Pods-GotBeerApp.release.xcconfig"; sourceTree = "<group>"; };
		36FB3E88F53F42897EF9B0D4 /* Pods-GotBeerAppTests.release.xcconfig */ = {isa = PBXFileReference; includeInIndex = 1; lastKnownFileType = text.xcconfig; name = "Pods-GotBeerAppTests.release.xcconfig"; path = "Target Support Files/Pods-GotBeerAppTests/Pods-GotBeerAppTests.release.xcconfig"; sourceTree = "<group>"; };
		84D84F99ADFF65060154035B /* Pods-GotBeerApp.debug.xcconfig */ = {isa = PBXFileReference; includeInIndex = 1; lastKnownFileType = text.xcconfig; name = "Pods-GotBeerApp.debug.xcconfig"; path = "Target Support Files/Pods-GotBeerApp/Pods-GotBeerApp.debug.xcconfig"; sourceTree = "<group>"; };
		9D00B51CFA9AB8985785108A /* Pods-GotBeerAppUITests.release.xcconfig */ = {isa = PBXFileReference; includeInIndex = 1; lastKnownFileType = text.xcconfig; name = "Pods-GotBeerAppUITests.release.xcconfig"; path = "Target Support Files/Pods-GotBeerAppUITests/Pods-GotBeerAppUITests.release.xcconfig"; sourceTree = "<group>"; };
		A286D63C1E73D2F3E002F62B /* Pods-GotBeerAppUITests.debug.xcconfig */ = {isa = PBXFileReference; includeInIndex = 1; lastKnownFileType = text.xcconfig; name = "Pods-GotBeerAppUITests.debug.xcconfig"; path = "Target Support Files/Pods-GotBeerAppUITests/Pods-GotBeerAppUITests.debug.xcconfig"; sourceTree = "<group>"; };
		B35C5BEBB8A9374319FC40B4 /* Pods_GotBeerAppUITests.framework */ = {isa = PBXFileReference; explicitFileType = wrapper.framework; includeInIndex = 0; path = Pods_GotBeerAppUITests.framework; sourceTree = BUILT_PRODUCTS_DIR; };
		C2EE143D59E6234F34080693 /* Pods-GotBeerAppTests.debug.xcconfig */ = {isa = PBXFileReference; includeInIndex = 1; lastKnownFileType = text.xcconfig; name = "Pods-GotBeerAppTests.debug.xcconfig"; path = "Target Support Files/Pods-GotBeerAppTests/Pods-GotBeerAppTests.debug.xcconfig"; sourceTree = "<group>"; };
		CE54D50FAE7A6A2B839B18B4 /* Pods_GotBeerApp.framework */ = {isa = PBXFileReference; explicitFileType = wrapper.framework; includeInIndex = 0; path = Pods_GotBeerApp.framework; sourceTree = BUILT_PRODUCTS_DIR; };
		EED5A3402301E19A00D736B1 /* GotBeerApp.app */ = {isa = PBXFileReference; explicitFileType = wrapper.application; includeInIndex = 0; path = GotBeerApp.app; sourceTree = BUILT_PRODUCTS_DIR; };
		EED5A3432301E19A00D736B1 /* AppDelegate.swift */ = {isa = PBXFileReference; lastKnownFileType = sourcecode.swift; path = AppDelegate.swift; sourceTree = "<group>"; };
		EED5A3482301E19A00D736B1 /* Base */ = {isa = PBXFileReference; lastKnownFileType = file.storyboard; name = Base; path = Base.lproj/Main.storyboard; sourceTree = "<group>"; };
		EED5A34B2301E19A00D736B1 /* GotBeerApp.xcdatamodel */ = {isa = PBXFileReference; lastKnownFileType = wrapper.xcdatamodel; path = GotBeerApp.xcdatamodel; sourceTree = "<group>"; };
		EED5A34D2301E19B00D736B1 /* Assets.xcassets */ = {isa = PBXFileReference; lastKnownFileType = folder.assetcatalog; path = Assets.xcassets; sourceTree = "<group>"; };
		EED5A3502301E19B00D736B1 /* Base */ = {isa = PBXFileReference; lastKnownFileType = file.storyboard; name = Base; path = Base.lproj/LaunchScreen.storyboard; sourceTree = "<group>"; };
		EED5A3522301E19B00D736B1 /* Info.plist */ = {isa = PBXFileReference; lastKnownFileType = text.plist.xml; path = Info.plist; sourceTree = "<group>"; };
		EED5A3572301E19B00D736B1 /* GotBeerAppUITests.xctest */ = {isa = PBXFileReference; explicitFileType = wrapper.cfbundle; includeInIndex = 0; path = GotBeerAppUITests.xctest; sourceTree = BUILT_PRODUCTS_DIR; };
		EED5A35B2301E19B00D736B1 /* GotBeerAppUITests.swift */ = {isa = PBXFileReference; lastKnownFileType = sourcecode.swift; path = GotBeerAppUITests.swift; sourceTree = "<group>"; };
		EED5A35D2301E19B00D736B1 /* Info.plist */ = {isa = PBXFileReference; lastKnownFileType = text.plist.xml; path = Info.plist; sourceTree = "<group>"; };
		EED5A3662301E36F00D736B1 /* Beer.swift */ = {isa = PBXFileReference; lastKnownFileType = sourcecode.swift; path = Beer.swift; sourceTree = "<group>"; };
		EED5A36C2301E51100D736B1 /* AsyncImageView.swift */ = {isa = PBXFileReference; lastKnownFileType = sourcecode.swift; path = AsyncImageView.swift; sourceTree = "<group>"; };
		EED5A36F2301E58E00D736B1 /* ImageCacheManager.swift */ = {isa = PBXFileReference; lastKnownFileType = sourcecode.swift; path = ImageCacheManager.swift; sourceTree = "<group>"; };
		EED5A3752301E78000D736B1 /* UIConstants.swift */ = {isa = PBXFileReference; lastKnownFileType = sourcecode.swift; path = UIConstants.swift; sourceTree = "<group>"; };
		EED5A37F2301FA7300D736B1 /* BeerCollectionViewCell.swift */ = {isa = PBXFileReference; lastKnownFileType = sourcecode.swift; path = BeerCollectionViewCell.swift; sourceTree = "<group>"; };
		EED5A3842301FAE400D736B1 /* BeersCollectionViewController.swift */ = {isa = PBXFileReference; lastKnownFileType = sourcecode.swift; path = BeersCollectionViewController.swift; sourceTree = "<group>"; };
		EEF6CFA22302660200D0800B /* ApiRouter.swift */ = {isa = PBXFileReference; lastKnownFileType = sourcecode.swift; path = ApiRouter.swift; sourceTree = "<group>"; };
		EEF6CFAB2303C3F900D0800B /* ApiConstants.swift */ = {isa = PBXFileReference; lastKnownFileType = sourcecode.swift; path = ApiConstants.swift; sourceTree = "<group>"; };
		EEF6CFAD2303C5B400D0800B /* ApiClient.swift */ = {isa = PBXFileReference; lastKnownFileType = sourcecode.swift; path = ApiClient.swift; sourceTree = "<group>"; };
		EEF6CFAF23043D6400D0800B /* SearchView.swift */ = {isa = PBXFileReference; lastKnownFileType = sourcecode.swift; path = SearchView.swift; sourceTree = "<group>"; };
		EEF6CFB1230456F000D0800B /* CoreDataManager.swift */ = {isa = PBXFileReference; lastKnownFileType = sourcecode.swift; path = CoreDataManager.swift; sourceTree = "<group>"; };
		EEF6CFB5230460FF00D0800B /* BeerLocalProvider.swift */ = {isa = PBXFileReference; lastKnownFileType = sourcecode.swift; path = BeerLocalProvider.swift; sourceTree = "<group>"; };
		EEF6CFB72304A12D00D0800B /* BeersListViewModel.swift */ = {isa = PBXFileReference; fileEncoding = 4; lastKnownFileType = sourcecode.swift; path = BeersListViewModel.swift; sourceTree = "<group>"; };
		EEF6CFB92304BB7500D0800B /* BeerViewModel.swift */ = {isa = PBXFileReference; lastKnownFileType = sourcecode.swift; path = BeerViewModel.swift; sourceTree = "<group>"; };
		EEF6CFBF230513DC00D0800B /* BeerDetailViewController.swift */ = {isa = PBXFileReference; lastKnownFileType = sourcecode.swift; path = BeerDetailViewController.swift; sourceTree = "<group>"; };
		EEF6CFC52305B55500D0800B /* GotBeerAppTests.xctest */ = {isa = PBXFileReference; explicitFileType = wrapper.cfbundle; includeInIndex = 0; path = GotBeerAppTests.xctest; sourceTree = BUILT_PRODUCTS_DIR; };
		EEF6CFC72305B55600D0800B /* GotBeerAppTests.swift */ = {isa = PBXFileReference; lastKnownFileType = sourcecode.swift; path = GotBeerAppTests.swift; sourceTree = "<group>"; };
		EEF6CFC92305B55600D0800B /* Info.plist */ = {isa = PBXFileReference; lastKnownFileType = text.plist.xml; path = Info.plist; sourceTree = "<group>"; };
		EEF6CFD02305BCCB00D0800B /* Provider.swift */ = {isa = PBXFileReference; lastKnownFileType = sourcecode.swift; path = Provider.swift; sourceTree = "<group>"; };
		EEF6CFD22305C2AC00D0800B /* BeerRemoteProvider.swift */ = {isa = PBXFileReference; lastKnownFileType = sourcecode.swift; path = BeerRemoteProvider.swift; sourceTree = "<group>"; };
		EEF6CFD42305C3A800D0800B /* BeersListViewModelTests.swift */ = {isa = PBXFileReference; lastKnownFileType = sourcecode.swift; path = BeersListViewModelTests.swift; sourceTree = "<group>"; };
		EEF6CFD62305C70F00D0800B /* FakeData.swift */ = {isa = PBXFileReference; lastKnownFileType = sourcecode.swift; path = FakeData.swift; sourceTree = "<group>"; };
		EF4FDF92CF2901A8EEECD4B6 /* Pods_GotBeerAppTests.framework */ = {isa = PBXFileReference; explicitFileType = wrapper.framework; includeInIndex = 0; path = Pods_GotBeerAppTests.framework; sourceTree = BUILT_PRODUCTS_DIR; };
/* End PBXFileReference section */

/* Begin PBXFrameworksBuildPhase section */
		EED5A33D2301E19A00D736B1 /* Frameworks */ = {
			isa = PBXFrameworksBuildPhase;
			buildActionMask = 2147483647;
			files = (
				75BFBD2ED651612874813CF1 /* Pods_GotBeerApp.framework in Frameworks */,
			);
			runOnlyForDeploymentPostprocessing = 0;
		};
		EED5A3542301E19B00D736B1 /* Frameworks */ = {
			isa = PBXFrameworksBuildPhase;
			buildActionMask = 2147483647;
			files = (
				8146413D30D2227A016349D1 /* Pods_GotBeerAppUITests.framework in Frameworks */,
			);
			runOnlyForDeploymentPostprocessing = 0;
		};
		EEF6CFC22305B55500D0800B /* Frameworks */ = {
			isa = PBXFrameworksBuildPhase;
			buildActionMask = 2147483647;
			files = (
				317D7683EE5F02A1CA0F13B7 /* Pods_GotBeerAppTests.framework in Frameworks */,
			);
			runOnlyForDeploymentPostprocessing = 0;
		};
/* End PBXFrameworksBuildPhase section */

/* Begin PBXGroup section */
		EED5A3372301E19A00D736B1 = {
			isa = PBXGroup;
			children = (
				EED5A3422301E19A00D736B1 /* GotBeerApp */,
				EED5A35A2301E19B00D736B1 /* GotBeerAppUITests */,
				EEF6CFC62305B55600D0800B /* GotBeerAppTests */,
				EED5A3412301E19A00D736B1 /* Products */,
				F77BF311A8DE9C4E181A7AA8 /* Pods */,
				F733205BFD83442E02C01BE2 /* Frameworks */,
			);
			sourceTree = "<group>";
		};
		EED5A3412301E19A00D736B1 /* Products */ = {
			isa = PBXGroup;
			children = (
				EED5A3402301E19A00D736B1 /* GotBeerApp.app */,
				EED5A3572301E19B00D736B1 /* GotBeerAppUITests.xctest */,
				EEF6CFC52305B55500D0800B /* GotBeerAppTests.xctest */,
			);
			name = Products;
			sourceTree = "<group>";
		};
		EED5A3422301E19A00D736B1 /* GotBeerApp */ = {
			isa = PBXGroup;
			children = (
				EEF6CFCF2305BCBA00D0800B /* Providers */,
				EEF6CFBC2304BC3600D0800B /* Storyboards */,
				EEF6CFBB2304BBEA00D0800B /* Resources */,
				EEF6CFA1230265A100D0800B /* Services */,
				EEF6CFA4230271BE00D0800B /* ViewModels */,
				EED5A3832301FACF00D736B1 /* Controllers */,
				EED5A3742301E76800D736B1 /* Constants */,
				EED5A3712301E6FE00D736B1 /* Extensions */,
				EED5A36E2301E57E00D736B1 /* Managers */,
				EED5A36B2301E4E800D736B1 /* Views */,
				EED5A3682301E37A00D736B1 /* Models */,
				EED5A3432301E19A00D736B1 /* AppDelegate.swift */,
				EED5A3522301E19B00D736B1 /* Info.plist */,
			);
			path = GotBeerApp;
			sourceTree = "<group>";
		};
		EED5A35A2301E19B00D736B1 /* GotBeerAppUITests */ = {
			isa = PBXGroup;
			children = (
				EED5A35B2301E19B00D736B1 /* GotBeerAppUITests.swift */,
				EED5A35D2301E19B00D736B1 /* Info.plist */,
			);
			path = GotBeerAppUITests;
			sourceTree = "<group>";
		};
		EED5A3682301E37A00D736B1 /* Models */ = {
			isa = PBXGroup;
			children = (
				EED5A3662301E36F00D736B1 /* Beer.swift */,
				EED5A34A2301E19A00D736B1 /* GotBeerApp.xcdatamodeld */,
			);
			path = Models;
			sourceTree = "<group>";
		};
		EED5A36B2301E4E800D736B1 /* Views */ = {
			isa = PBXGroup;
			children = (
				EED5A36C2301E51100D736B1 /* AsyncImageView.swift */,
				EED5A37F2301FA7300D736B1 /* BeerCollectionViewCell.swift */,
				EEF6CFAF23043D6400D0800B /* SearchView.swift */,
			);
			path = Views;
			sourceTree = "<group>";
		};
		EED5A36E2301E57E00D736B1 /* Managers */ = {
			isa = PBXGroup;
			children = (
				EED5A36F2301E58E00D736B1 /* ImageCacheManager.swift */,
				EEF6CFB1230456F000D0800B /* CoreDataManager.swift */,
			);
			path = Managers;
			sourceTree = "<group>";
		};
		EED5A3712301E6FE00D736B1 /* Extensions */ = {
			isa = PBXGroup;
			children = (
			);
			path = Extensions;
			sourceTree = "<group>";
		};
		EED5A3742301E76800D736B1 /* Constants */ = {
			isa = PBXGroup;
			children = (
				EED5A3752301E78000D736B1 /* UIConstants.swift */,
			);
			path = Constants;
			sourceTree = "<group>";
		};
		EED5A3832301FACF00D736B1 /* Controllers */ = {
			isa = PBXGroup;
			children = (
				EED5A3842301FAE400D736B1 /* BeersCollectionViewController.swift */,
				EEF6CFBF230513DC00D0800B /* BeerDetailViewController.swift */,
			);
			path = Controllers;
			sourceTree = "<group>";
		};
		EEF6CFA1230265A100D0800B /* Services */ = {
			isa = PBXGroup;
			children = (
				EEF6CFA22302660200D0800B /* ApiRouter.swift */,
				EEF6CFAB2303C3F900D0800B /* ApiConstants.swift */,
				EEF6CFAD2303C5B400D0800B /* ApiClient.swift */,
			);
			path = Services;
			sourceTree = "<group>";
		};
		EEF6CFA4230271BE00D0800B /* ViewModels */ = {
			isa = PBXGroup;
			children = (
				EEF6CFB72304A12D00D0800B /* BeersListViewModel.swift */,
				EEF6CFB92304BB7500D0800B /* BeerViewModel.swift */,
			);
			path = ViewModels;
			sourceTree = "<group>";
		};
		EEF6CFBB2304BBEA00D0800B /* Resources */ = {
			isa = PBXGroup;
			children = (
				EED5A34D2301E19B00D736B1 /* Assets.xcassets */,
			);
			path = Resources;
			sourceTree = "<group>";
		};
		EEF6CFBC2304BC3600D0800B /* Storyboards */ = {
			isa = PBXGroup;
			children = (
				EED5A3472301E19A00D736B1 /* Main.storyboard */,
				EED5A34F2301E19B00D736B1 /* LaunchScreen.storyboard */,
			);
			path = Storyboards;
			sourceTree = "<group>";
		};
		EEF6CFC62305B55600D0800B /* GotBeerAppTests */ = {
			isa = PBXGroup;
			children = (
				EEF6CFC72305B55600D0800B /* GotBeerAppTests.swift */,
				EEF6CFC92305B55600D0800B /* Info.plist */,
				EEF6CFD42305C3A800D0800B /* BeersListViewModelTests.swift */,
				EEF6CFD62305C70F00D0800B /* FakeData.swift */,
			);
			path = GotBeerAppTests;
			sourceTree = "<group>";
		};
		EEF6CFCF2305BCBA00D0800B /* Providers */ = {
			isa = PBXGroup;
			children = (
				EEF6CFD02305BCCB00D0800B /* Provider.swift */,
				EEF6CFD22305C2AC00D0800B /* BeerRemoteProvider.swift */,
				EEF6CFB5230460FF00D0800B /* BeerLocalProvider.swift */,
			);
			path = Providers;
			sourceTree = "<group>";
		};
		F733205BFD83442E02C01BE2 /* Frameworks */ = {
			isa = PBXGroup;
			children = (
				CE54D50FAE7A6A2B839B18B4 /* Pods_GotBeerApp.framework */,
				B35C5BEBB8A9374319FC40B4 /* Pods_GotBeerAppUITests.framework */,
				EF4FDF92CF2901A8EEECD4B6 /* Pods_GotBeerAppTests.framework */,
			);
			name = Frameworks;
			sourceTree = "<group>";
		};
		F77BF311A8DE9C4E181A7AA8 /* Pods */ = {
			isa = PBXGroup;
			children = (
				84D84F99ADFF65060154035B /* Pods-GotBeerApp.debug.xcconfig */,
				1B51C52E950998A72FEC7F89 /* Pods-GotBeerApp.release.xcconfig */,
				A286D63C1E73D2F3E002F62B /* Pods-GotBeerAppUITests.debug.xcconfig */,
				9D00B51CFA9AB8985785108A /* Pods-GotBeerAppUITests.release.xcconfig */,
				C2EE143D59E6234F34080693 /* Pods-GotBeerAppTests.debug.xcconfig */,
				36FB3E88F53F42897EF9B0D4 /* Pods-GotBeerAppTests.release.xcconfig */,
			);
			path = Pods;
			sourceTree = "<group>";
		};
/* End PBXGroup section */

/* Begin PBXNativeTarget section */
		EED5A33F2301E19A00D736B1 /* GotBeerApp */ = {
			isa = PBXNativeTarget;
			buildConfigurationList = EED5A3602301E19B00D736B1 /* Build configuration list for PBXNativeTarget "GotBeerApp" */;
			buildPhases = (
				0A648650A6E361836E061D0F /* [CP] Check Pods Manifest.lock */,
				EED5A33C2301E19A00D736B1 /* Sources */,
				EED5A33D2301E19A00D736B1 /* Frameworks */,
				EED5A33E2301E19A00D736B1 /* Resources */,
				12F8DCD9D2B3493E9DA9CE2B /* [CP] Embed Pods Frameworks */,
			);
			buildRules = (
			);
			dependencies = (
			);
			name = GotBeerApp;
			productName = GotBeerApp;
			productReference = EED5A3402301E19A00D736B1 /* GotBeerApp.app */;
			productType = "com.apple.product-type.application";
		};
		EED5A3562301E19B00D736B1 /* GotBeerAppUITests */ = {
			isa = PBXNativeTarget;
			buildConfigurationList = EED5A3632301E19B00D736B1 /* Build configuration list for PBXNativeTarget "GotBeerAppUITests" */;
			buildPhases = (
				B20EB8A1DF3DE969705418C9 /* [CP] Check Pods Manifest.lock */,
				EED5A3532301E19B00D736B1 /* Sources */,
				EED5A3542301E19B00D736B1 /* Frameworks */,
				EED5A3552301E19B00D736B1 /* Resources */,
			);
			buildRules = (
			);
			dependencies = (
				EED5A3592301E19B00D736B1 /* PBXTargetDependency */,
			);
			name = GotBeerAppUITests;
			productName = GotBeerAppUITests;
			productReference = EED5A3572301E19B00D736B1 /* GotBeerAppUITests.xctest */;
			productType = "com.apple.product-type.bundle.ui-testing";
		};
		EEF6CFC42305B55500D0800B /* GotBeerAppTests */ = {
			isa = PBXNativeTarget;
			buildConfigurationList = EEF6CFCE2305B55600D0800B /* Build configuration list for PBXNativeTarget "GotBeerAppTests" */;
			buildPhases = (
				3F5D10A7B8A1269877010D26 /* [CP] Check Pods Manifest.lock */,
				EEF6CFC12305B55500D0800B /* Sources */,
				EEF6CFC22305B55500D0800B /* Frameworks */,
				EEF6CFC32305B55500D0800B /* Resources */,
			);
			buildRules = (
			);
			dependencies = (
				EEF6CFCB2305B55600D0800B /* PBXTargetDependency */,
			);
			name = GotBeerAppTests;
			productName = GotBeerAppTests;
			productReference = EEF6CFC52305B55500D0800B /* GotBeerAppTests.xctest */;
			productType = "com.apple.product-type.bundle.unit-test";
		};
/* End PBXNativeTarget section */

/* Begin PBXProject section */
		EED5A3382301E19A00D736B1 /* Project object */ = {
			isa = PBXProject;
			attributes = {
				LastSwiftUpdateCheck = 1030;
				LastUpgradeCheck = 1030;
				ORGANIZATIONNAME = "Libranner Leonel Santos Espinal";
				TargetAttributes = {
					EED5A33F2301E19A00D736B1 = {
						CreatedOnToolsVersion = 10.3;
					};
					EED5A3562301E19B00D736B1 = {
						CreatedOnToolsVersion = 10.3;
						TestTargetID = EED5A33F2301E19A00D736B1;
					};
					EEF6CFC42305B55500D0800B = {
						CreatedOnToolsVersion = 10.3;
						TestTargetID = EED5A33F2301E19A00D736B1;
					};
				};
			};
			buildConfigurationList = EED5A33B2301E19A00D736B1 /* Build configuration list for PBXProject "GotBeerApp" */;
			compatibilityVersion = "Xcode 9.3";
			developmentRegion = en;
			hasScannedForEncodings = 0;
			knownRegions = (
				en,
				Base,
			);
			mainGroup = EED5A3372301E19A00D736B1;
			productRefGroup = EED5A3412301E19A00D736B1 /* Products */;
			projectDirPath = "";
			projectRoot = "";
			targets = (
				EED5A33F2301E19A00D736B1 /* GotBeerApp */,
				EED5A3562301E19B00D736B1 /* GotBeerAppUITests */,
				EEF6CFC42305B55500D0800B /* GotBeerAppTests */,
			);
		};
/* End PBXProject section */

/* Begin PBXResourcesBuildPhase section */
		EED5A33E2301E19A00D736B1 /* Resources */ = {
			isa = PBXResourcesBuildPhase;
			buildActionMask = 2147483647;
			files = (
				EED5A3512301E19B00D736B1 /* LaunchScreen.storyboard in Resources */,
				EED5A34E2301E19B00D736B1 /* Assets.xcassets in Resources */,
				EED5A3492301E19A00D736B1 /* Main.storyboard in Resources */,
			);
			runOnlyForDeploymentPostprocessing = 0;
		};
		EED5A3552301E19B00D736B1 /* Resources */ = {
			isa = PBXResourcesBuildPhase;
			buildActionMask = 2147483647;
			files = (
			);
			runOnlyForDeploymentPostprocessing = 0;
		};
		EEF6CFC32305B55500D0800B /* Resources */ = {
			isa = PBXResourcesBuildPhase;
			buildActionMask = 2147483647;
			files = (
			);
			runOnlyForDeploymentPostprocessing = 0;
		};
/* End PBXResourcesBuildPhase section */

/* Begin PBXShellScriptBuildPhase section */
		0A648650A6E361836E061D0F /* [CP] Check Pods Manifest.lock */ = {
			isa = PBXShellScriptBuildPhase;
			buildActionMask = 2147483647;
			files = (
			);
			inputFileListPaths = (
			);
			inputPaths = (
				"${PODS_PODFILE_DIR_PATH}/Podfile.lock",
				"${PODS_ROOT}/Manifest.lock",
			);
			name = "[CP] Check Pods Manifest.lock";
			outputFileListPaths = (
			);
			outputPaths = (
				"$(DERIVED_FILE_DIR)/Pods-GotBeerApp-checkManifestLockResult.txt",
			);
			runOnlyForDeploymentPostprocessing = 0;
			shellPath = /bin/sh;
			shellScript = "diff \"${PODS_PODFILE_DIR_PATH}/Podfile.lock\" \"${PODS_ROOT}/Manifest.lock\" > /dev/null\nif [ $? != 0 ] ; then\n    # print error to STDERR\n    echo \"error: The sandbox is not in sync with the Podfile.lock. Run 'pod install' or update your CocoaPods installation.\" >&2\n    exit 1\nfi\n# This output is used by Xcode 'outputs' to avoid re-running this script phase.\necho \"SUCCESS\" > \"${SCRIPT_OUTPUT_FILE_0}\"\n";
			showEnvVarsInLog = 0;
		};
		12F8DCD9D2B3493E9DA9CE2B /* [CP] Embed Pods Frameworks */ = {
			isa = PBXShellScriptBuildPhase;
			buildActionMask = 2147483647;
			files = (
			);
			inputFileListPaths = (
				"${PODS_ROOT}/Target Support Files/Pods-GotBeerApp/Pods-GotBeerApp-frameworks-${CONFIGURATION}-input-files.xcfilelist",
			);
			name = "[CP] Embed Pods Frameworks";
			outputFileListPaths = (
				"${PODS_ROOT}/Target Support Files/Pods-GotBeerApp/Pods-GotBeerApp-frameworks-${CONFIGURATION}-output-files.xcfilelist",
			);
			runOnlyForDeploymentPostprocessing = 0;
			shellPath = /bin/sh;
			shellScript = "\"${PODS_ROOT}/Target Support Files/Pods-GotBeerApp/Pods-GotBeerApp-frameworks.sh\"\n";
			showEnvVarsInLog = 0;
		};
		3F5D10A7B8A1269877010D26 /* [CP] Check Pods Manifest.lock */ = {
			isa = PBXShellScriptBuildPhase;
			buildActionMask = 2147483647;
			files = (
			);
			inputFileListPaths = (
			);
			inputPaths = (
				"${PODS_PODFILE_DIR_PATH}/Podfile.lock",
				"${PODS_ROOT}/Manifest.lock",
			);
			name = "[CP] Check Pods Manifest.lock";
			outputFileListPaths = (
			);
			outputPaths = (
				"$(DERIVED_FILE_DIR)/Pods-GotBeerAppTests-checkManifestLockResult.txt",
			);
			runOnlyForDeploymentPostprocessing = 0;
			shellPath = /bin/sh;
			shellScript = "diff \"${PODS_PODFILE_DIR_PATH}/Podfile.lock\" \"${PODS_ROOT}/Manifest.lock\" > /dev/null\nif [ $? != 0 ] ; then\n    # print error to STDERR\n    echo \"error: The sandbox is not in sync with the Podfile.lock. Run 'pod install' or update your CocoaPods installation.\" >&2\n    exit 1\nfi\n# This output is used by Xcode 'outputs' to avoid re-running this script phase.\necho \"SUCCESS\" > \"${SCRIPT_OUTPUT_FILE_0}\"\n";
			showEnvVarsInLog = 0;
		};
		B20EB8A1DF3DE969705418C9 /* [CP] Check Pods Manifest.lock */ = {
			isa = PBXShellScriptBuildPhase;
			buildActionMask = 2147483647;
			files = (
			);
			inputFileListPaths = (
			);
			inputPaths = (
				"${PODS_PODFILE_DIR_PATH}/Podfile.lock",
				"${PODS_ROOT}/Manifest.lock",
			);
			name = "[CP] Check Pods Manifest.lock";
			outputFileListPaths = (
			);
			outputPaths = (
				"$(DERIVED_FILE_DIR)/Pods-GotBeerAppUITests-checkManifestLockResult.txt",
			);
			runOnlyForDeploymentPostprocessing = 0;
			shellPath = /bin/sh;
			shellScript = "diff \"${PODS_PODFILE_DIR_PATH}/Podfile.lock\" \"${PODS_ROOT}/Manifest.lock\" > /dev/null\nif [ $? != 0 ] ; then\n    # print error to STDERR\n    echo \"error: The sandbox is not in sync with the Podfile.lock. Run 'pod install' or update your CocoaPods installation.\" >&2\n    exit 1\nfi\n# This output is used by Xcode 'outputs' to avoid re-running this script phase.\necho \"SUCCESS\" > \"${SCRIPT_OUTPUT_FILE_0}\"\n";
			showEnvVarsInLog = 0;
		};
/* End PBXShellScriptBuildPhase section */

/* Begin PBXSourcesBuildPhase section */
		EED5A33C2301E19A00D736B1 /* Sources */ = {
			isa = PBXSourcesBuildPhase;
			buildActionMask = 2147483647;
			files = (
				EEF6CFD32305C2AC00D0800B /* BeerRemoteProvider.swift in Sources */,
				EEF6CFBA2304BB7500D0800B /* BeerViewModel.swift in Sources */,
				EED5A3812301FA7300D736B1 /* BeerCollectionViewCell.swift in Sources */,
				EED5A3702301E58E00D736B1 /* ImageCacheManager.swift in Sources */,
				EEF6CFAE2303C5B400D0800B /* ApiClient.swift in Sources */,
				EEF6CFAC2303C3F900D0800B /* ApiConstants.swift in Sources */,
				EEF6CFB2230456F000D0800B /* CoreDataManager.swift in Sources */,
				EEF6CFB82304A12D00D0800B /* BeersListViewModel.swift in Sources */,
				EEF6CFB023043D6400D0800B /* SearchView.swift in Sources */,
				EED5A3762301E78000D736B1 /* UIConstants.swift in Sources */,
				EED5A3442301E19A00D736B1 /* AppDelegate.swift in Sources */,
				EEF6CFD12305BCCB00D0800B /* Provider.swift in Sources */,
				EED5A34C2301E19A00D736B1 /* GotBeerApp.xcdatamodeld in Sources */,
				EED5A3852301FAE400D736B1 /* BeersCollectionViewController.swift in Sources */,
				EEF6CFA32302660200D0800B /* ApiRouter.swift in Sources */,
				EED5A3672301E36F00D736B1 /* Beer.swift in Sources */,
				EEF6CFC0230513DC00D0800B /* BeerDetailViewController.swift in Sources */,
				EEF6CFB6230460FF00D0800B /* BeerLocalProvider.swift in Sources */,
				EED5A36D2301E51100D736B1 /* AsyncImageView.swift in Sources */,
			);
			runOnlyForDeploymentPostprocessing = 0;
		};
		EED5A3532301E19B00D736B1 /* Sources */ = {
			isa = PBXSourcesBuildPhase;
			buildActionMask = 2147483647;
			files = (
				EED5A35C2301E19B00D736B1 /* GotBeerAppUITests.swift in Sources */,
			);
			runOnlyForDeploymentPostprocessing = 0;
		};
		EEF6CFC12305B55500D0800B /* Sources */ = {
			isa = PBXSourcesBuildPhase;
			buildActionMask = 2147483647;
			files = (
				EEF6CFD72305C70F00D0800B /* FakeData.swift in Sources */,
				EEF6CFD52305C3A800D0800B /* BeersListViewModelTests.swift in Sources */,
				EEF6CFC82305B55600D0800B /* GotBeerAppTests.swift in Sources */,
			);
			runOnlyForDeploymentPostprocessing = 0;
		};
/* End PBXSourcesBuildPhase section */

/* Begin PBXTargetDependency section */
		EED5A3592301E19B00D736B1 /* PBXTargetDependency */ = {
			isa = PBXTargetDependency;
			target = EED5A33F2301E19A00D736B1 /* GotBeerApp */;
			targetProxy = EED5A3582301E19B00D736B1 /* PBXContainerItemProxy */;
		};
		EEF6CFCB2305B55600D0800B /* PBXTargetDependency */ = {
			isa = PBXTargetDependency;
			target = EED5A33F2301E19A00D736B1 /* GotBeerApp */;
			targetProxy = EEF6CFCA2305B55600D0800B /* PBXContainerItemProxy */;
		};
/* End PBXTargetDependency section */

/* Begin PBXVariantGroup section */
		EED5A3472301E19A00D736B1 /* Main.storyboard */ = {
			isa = PBXVariantGroup;
			children = (
				EED5A3482301E19A00D736B1 /* Base */,
			);
			name = Main.storyboard;
			sourceTree = "<group>";
		};
		EED5A34F2301E19B00D736B1 /* LaunchScreen.storyboard */ = {
			isa = PBXVariantGroup;
			children = (
				EED5A3502301E19B00D736B1 /* Base */,
			);
			name = LaunchScreen.storyboard;
			sourceTree = "<group>";
		};
/* End PBXVariantGroup section */

/* Begin XCBuildConfiguration section */
		EED5A35E2301E19B00D736B1 /* Debug */ = {
			isa = XCBuildConfiguration;
			buildSettings = {
				ALWAYS_SEARCH_USER_PATHS = NO;
				CLANG_ANALYZER_NONNULL = YES;
				CLANG_ANALYZER_NUMBER_OBJECT_CONVERSION = YES_AGGRESSIVE;
				CLANG_CXX_LANGUAGE_STANDARD = "gnu++14";
				CLANG_CXX_LIBRARY = "libc++";
				CLANG_ENABLE_MODULES = YES;
				CLANG_ENABLE_OBJC_ARC = YES;
				CLANG_ENABLE_OBJC_WEAK = YES;
				CLANG_WARN_BLOCK_CAPTURE_AUTORELEASING = YES;
				CLANG_WARN_BOOL_CONVERSION = YES;
				CLANG_WARN_COMMA = YES;
				CLANG_WARN_CONSTANT_CONVERSION = YES;
				CLANG_WARN_DEPRECATED_OBJC_IMPLEMENTATIONS = YES;
				CLANG_WARN_DIRECT_OBJC_ISA_USAGE = YES_ERROR;
				CLANG_WARN_DOCUMENTATION_COMMENTS = YES;
				CLANG_WARN_EMPTY_BODY = YES;
				CLANG_WARN_ENUM_CONVERSION = YES;
				CLANG_WARN_INFINITE_RECURSION = YES;
				CLANG_WARN_INT_CONVERSION = YES;
				CLANG_WARN_NON_LITERAL_NULL_CONVERSION = YES;
				CLANG_WARN_OBJC_IMPLICIT_RETAIN_SELF = YES;
				CLANG_WARN_OBJC_LITERAL_CONVERSION = YES;
				CLANG_WARN_OBJC_ROOT_CLASS = YES_ERROR;
				CLANG_WARN_RANGE_LOOP_ANALYSIS = YES;
				CLANG_WARN_STRICT_PROTOTYPES = YES;
				CLANG_WARN_SUSPICIOUS_MOVE = YES;
				CLANG_WARN_UNGUARDED_AVAILABILITY = YES_AGGRESSIVE;
				CLANG_WARN_UNREACHABLE_CODE = YES;
				CLANG_WARN__DUPLICATE_METHOD_MATCH = YES;
				CODE_SIGN_IDENTITY = "iPhone Developer";
				COPY_PHASE_STRIP = NO;
				DEBUG_INFORMATION_FORMAT = dwarf;
				ENABLE_STRICT_OBJC_MSGSEND = YES;
				ENABLE_TESTABILITY = YES;
				GCC_C_LANGUAGE_STANDARD = gnu11;
				GCC_DYNAMIC_NO_PIC = NO;
				GCC_NO_COMMON_BLOCKS = YES;
				GCC_OPTIMIZATION_LEVEL = 0;
				GCC_PREPROCESSOR_DEFINITIONS = (
					"DEBUG=1",
					"$(inherited)",
				);
				GCC_WARN_64_TO_32_BIT_CONVERSION = YES;
				GCC_WARN_ABOUT_RETURN_TYPE = YES_ERROR;
				GCC_WARN_UNDECLARED_SELECTOR = YES;
				GCC_WARN_UNINITIALIZED_AUTOS = YES_AGGRESSIVE;
				GCC_WARN_UNUSED_FUNCTION = YES;
				GCC_WARN_UNUSED_VARIABLE = YES;
				IPHONEOS_DEPLOYMENT_TARGET = 12.4;
				MTL_ENABLE_DEBUG_INFO = INCLUDE_SOURCE;
				MTL_FAST_MATH = YES;
				ONLY_ACTIVE_ARCH = YES;
				SDKROOT = iphoneos;
				SWIFT_ACTIVE_COMPILATION_CONDITIONS = DEBUG;
				SWIFT_OPTIMIZATION_LEVEL = "-Onone";
			};
			name = Debug;
		};
		EED5A35F2301E19B00D736B1 /* Release */ = {
			isa = XCBuildConfiguration;
			buildSettings = {
				ALWAYS_SEARCH_USER_PATHS = NO;
				CLANG_ANALYZER_NONNULL = YES;
				CLANG_ANALYZER_NUMBER_OBJECT_CONVERSION = YES_AGGRESSIVE;
				CLANG_CXX_LANGUAGE_STANDARD = "gnu++14";
				CLANG_CXX_LIBRARY = "libc++";
				CLANG_ENABLE_MODULES = YES;
				CLANG_ENABLE_OBJC_ARC = YES;
				CLANG_ENABLE_OBJC_WEAK = YES;
				CLANG_WARN_BLOCK_CAPTURE_AUTORELEASING = YES;
				CLANG_WARN_BOOL_CONVERSION = YES;
				CLANG_WARN_COMMA = YES;
				CLANG_WARN_CONSTANT_CONVERSION = YES;
				CLANG_WARN_DEPRECATED_OBJC_IMPLEMENTATIONS = YES;
				CLANG_WARN_DIRECT_OBJC_ISA_USAGE = YES_ERROR;
				CLANG_WARN_DOCUMENTATION_COMMENTS = YES;
				CLANG_WARN_EMPTY_BODY = YES;
				CLANG_WARN_ENUM_CONVERSION = YES;
				CLANG_WARN_INFINITE_RECURSION = YES;
				CLANG_WARN_INT_CONVERSION = YES;
				CLANG_WARN_NON_LITERAL_NULL_CONVERSION = YES;
				CLANG_WARN_OBJC_IMPLICIT_RETAIN_SELF = YES;
				CLANG_WARN_OBJC_LITERAL_CONVERSION = YES;
				CLANG_WARN_OBJC_ROOT_CLASS = YES_ERROR;
				CLANG_WARN_RANGE_LOOP_ANALYSIS = YES;
				CLANG_WARN_STRICT_PROTOTYPES = YES;
				CLANG_WARN_SUSPICIOUS_MOVE = YES;
				CLANG_WARN_UNGUARDED_AVAILABILITY = YES_AGGRESSIVE;
				CLANG_WARN_UNREACHABLE_CODE = YES;
				CLANG_WARN__DUPLICATE_METHOD_MATCH = YES;
				CODE_SIGN_IDENTITY = "iPhone Developer";
				COPY_PHASE_STRIP = NO;
				DEBUG_INFORMATION_FORMAT = "dwarf-with-dsym";
				ENABLE_NS_ASSERTIONS = NO;
				ENABLE_STRICT_OBJC_MSGSEND = YES;
				GCC_C_LANGUAGE_STANDARD = gnu11;
				GCC_NO_COMMON_BLOCKS = YES;
				GCC_WARN_64_TO_32_BIT_CONVERSION = YES;
				GCC_WARN_ABOUT_RETURN_TYPE = YES_ERROR;
				GCC_WARN_UNDECLARED_SELECTOR = YES;
				GCC_WARN_UNINITIALIZED_AUTOS = YES_AGGRESSIVE;
				GCC_WARN_UNUSED_FUNCTION = YES;
				GCC_WARN_UNUSED_VARIABLE = YES;
				IPHONEOS_DEPLOYMENT_TARGET = 12.4;
				MTL_ENABLE_DEBUG_INFO = NO;
				MTL_FAST_MATH = YES;
				SDKROOT = iphoneos;
				SWIFT_COMPILATION_MODE = wholemodule;
				SWIFT_OPTIMIZATION_LEVEL = "-O";
				VALIDATE_PRODUCT = YES;
			};
			name = Release;
		};
		EED5A3612301E19B00D736B1 /* Debug */ = {
			isa = XCBuildConfiguration;
			baseConfigurationReference = 84D84F99ADFF65060154035B /* Pods-GotBeerApp.debug.xcconfig */;
			buildSettings = {
				ASSETCATALOG_COMPILER_APPICON_NAME = AppIcon;
				CODE_SIGN_STYLE = Automatic;
				DEVELOPMENT_TEAM = TGA26CY25M;
				INFOPLIST_FILE = GotBeerApp/Info.plist;
				LD_RUNPATH_SEARCH_PATHS = (
					"$(inherited)",
					"@executable_path/Frameworks",
				);
				PRODUCT_BUNDLE_IDENTIFIER = com.libranner.GotBeerApp;
				PRODUCT_NAME = "$(TARGET_NAME)";
				SWIFT_VERSION = 5.0;
				TARGETED_DEVICE_FAMILY = 1;
			};
			name = Debug;
		};
		EED5A3622301E19B00D736B1 /* Release */ = {
			isa = XCBuildConfiguration;
			baseConfigurationReference = 1B51C52E950998A72FEC7F89 /* Pods-GotBeerApp.release.xcconfig */;
			buildSettings = {
				ASSETCATALOG_COMPILER_APPICON_NAME = AppIcon;
				CODE_SIGN_STYLE = Automatic;
				DEVELOPMENT_TEAM = TGA26CY25M;
				INFOPLIST_FILE = GotBeerApp/Info.plist;
				LD_RUNPATH_SEARCH_PATHS = (
					"$(inherited)",
					"@executable_path/Frameworks",
				);
				PRODUCT_BUNDLE_IDENTIFIER = com.libranner.GotBeerApp;
				PRODUCT_NAME = "$(TARGET_NAME)";
				SWIFT_VERSION = 5.0;
				TARGETED_DEVICE_FAMILY = 1;
			};
			name = Release;
		};
		EED5A3642301E19B00D736B1 /* Debug */ = {
			isa = XCBuildConfiguration;
			baseConfigurationReference = A286D63C1E73D2F3E002F62B /* Pods-GotBeerAppUITests.debug.xcconfig */;
			buildSettings = {
				ALWAYS_EMBED_SWIFT_STANDARD_LIBRARIES = YES;
				CODE_SIGN_STYLE = Automatic;
				DEVELOPMENT_TEAM = TGA26CY25M;
				INFOPLIST_FILE = GotBeerAppUITests/Info.plist;
				LD_RUNPATH_SEARCH_PATHS = (
					"$(inherited)",
					"@executable_path/Frameworks",
					"@loader_path/Frameworks",
				);
				PRODUCT_BUNDLE_IDENTIFIER = com.libranner.GotBeerAppUITests;
				PRODUCT_NAME = "$(TARGET_NAME)";
				SWIFT_VERSION = 5.0;
				TARGETED_DEVICE_FAMILY = "1,2";
				TEST_TARGET_NAME = GotBeerApp;
			};
			name = Debug;
		};
		EED5A3652301E19B00D736B1 /* Release */ = {
			isa = XCBuildConfiguration;
			baseConfigurationReference = 9D00B51CFA9AB8985785108A /* Pods-GotBeerAppUITests.release.xcconfig */;
			buildSettings = {
				ALWAYS_EMBED_SWIFT_STANDARD_LIBRARIES = YES;
				CODE_SIGN_STYLE = Automatic;
				DEVELOPMENT_TEAM = TGA26CY25M;
				INFOPLIST_FILE = GotBeerAppUITests/Info.plist;
				LD_RUNPATH_SEARCH_PATHS = (
					"$(inherited)",
					"@executable_path/Frameworks",
					"@loader_path/Frameworks",
				);
				PRODUCT_BUNDLE_IDENTIFIER = com.libranner.GotBeerAppUITests;
				PRODUCT_NAME = "$(TARGET_NAME)";
				SWIFT_VERSION = 5.0;
				TARGETED_DEVICE_FAMILY = "1,2";
				TEST_TARGET_NAME = GotBeerApp;
			};
			name = Release;
		};
		EEF6CFCC2305B55600D0800B /* Debug */ = {
			isa = XCBuildConfiguration;
			baseConfigurationReference = C2EE143D59E6234F34080693 /* Pods-GotBeerAppTests.debug.xcconfig */;
			buildSettings = {
				BUNDLE_LOADER = "$(TEST_HOST)";
				CODE_SIGN_STYLE = Automatic;
				DEVELOPMENT_TEAM = TGA26CY25M;
				INFOPLIST_FILE = GotBeerAppTests/Info.plist;
				LD_RUNPATH_SEARCH_PATHS = (
					"$(inherited)",
					"@executable_path/Frameworks",
					"@loader_path/Frameworks",
				);
				PRODUCT_BUNDLE_IDENTIFIER = com.libranner.GotBeerAppTests;
				PRODUCT_NAME = "$(TARGET_NAME)";
				SWIFT_VERSION = 5.0;
				TARGETED_DEVICE_FAMILY = "1,2";
				TEST_HOST = "$(BUILT_PRODUCTS_DIR)/GotBeerApp.app/GotBeerApp";
			};
			name = Debug;
		};
		EEF6CFCD2305B55600D0800B /* Release */ = {
			isa = XCBuildConfiguration;
			baseConfigurationReference = 36FB3E88F53F42897EF9B0D4 /* Pods-GotBeerAppTests.release.xcconfig */;
			buildSettings = {
				BUNDLE_LOADER = "$(TEST_HOST)";
				CODE_SIGN_STYLE = Automatic;
				DEVELOPMENT_TEAM = TGA26CY25M;
				INFOPLIST_FILE = GotBeerAppTests/Info.plist;
				LD_RUNPATH_SEARCH_PATHS = (
					"$(inherited)",
					"@executable_path/Frameworks",
					"@loader_path/Frameworks",
				);
				PRODUCT_BUNDLE_IDENTIFIER = com.libranner.GotBeerAppTests;
				PRODUCT_NAME = "$(TARGET_NAME)";
				SWIFT_VERSION = 5.0;
				TARGETED_DEVICE_FAMILY = "1,2";
				TEST_HOST = "$(BUILT_PRODUCTS_DIR)/GotBeerApp.app/GotBeerApp";
			};
			name = Release;
		};
/* End XCBuildConfiguration section */

/* Begin XCConfigurationList section */
		EED5A33B2301E19A00D736B1 /* Build configuration list for PBXProject "GotBeerApp" */ = {
			isa = XCConfigurationList;
			buildConfigurations = (
				EED5A35E2301E19B00D736B1 /* Debug */,
				EED5A35F2301E19B00D736B1 /* Release */,
			);
			defaultConfigurationIsVisible = 0;
			defaultConfigurationName = Release;
		};
		EED5A3602301E19B00D736B1 /* Build configuration list for PBXNativeTarget "GotBeerApp" */ = {
			isa = XCConfigurationList;
			buildConfigurations = (
				EED5A3612301E19B00D736B1 /* Debug */,
				EED5A3622301E19B00D736B1 /* Release */,
			);
			defaultConfigurationIsVisible = 0;
			defaultConfigurationName = Release;
		};
		EED5A3632301E19B00D736B1 /* Build configuration list for PBXNativeTarget "GotBeerAppUITests" */ = {
			isa = XCConfigurationList;
			buildConfigurations = (
				EED5A3642301E19B00D736B1 /* Debug */,
				EED5A3652301E19B00D736B1 /* Release */,
			);
			defaultConfigurationIsVisible = 0;
			defaultConfigurationName = Release;
		};
		EEF6CFCE2305B55600D0800B /* Build configuration list for PBXNativeTarget "GotBeerAppTests" */ = {
			isa = XCConfigurationList;
			buildConfigurations = (
				EEF6CFCC2305B55600D0800B /* Debug */,
				EEF6CFCD2305B55600D0800B /* Release */,
			);
			defaultConfigurationIsVisible = 0;
			defaultConfigurationName = Release;
		};
/* End XCConfigurationList section */

/* Begin XCVersionGroup section */
		EED5A34A2301E19A00D736B1 /* GotBeerApp.xcdatamodeld */ = {
			isa = XCVersionGroup;
			children = (
				EED5A34B2301E19A00D736B1 /* GotBeerApp.xcdatamodel */,
			);
			currentVersion = EED5A34B2301E19A00D736B1 /* GotBeerApp.xcdatamodel */;
			path = GotBeerApp.xcdatamodeld;
			sourceTree = "<group>";
			versionGroupType = wrapper.xcdatamodel;
		};
/* End XCVersionGroup section */
	};
	rootObject = EED5A3382301E19A00D736B1 /* Project object */;
}
